
Microsoft Visual Studio Solution File, Format Version 12.00
# Visual Studio 15
VisualStudioVersion = 15.0.27130.2027
MinimumVisualStudioVersion = 10.0.40219.1
Project("{9A19103F-16F7-4668-BE54-9A1E7A4F7556}") = "GParse.Lexing", "GParse.Lexing\GParse.Lexing.csproj", "{7070833E-8F2C-48BF-B1D5-4A64500E9404}"
EndProject
Project("{9A19103F-16F7-4668-BE54-9A1E7A4F7556}") = "GParse.Lexing.Tests", "GParse.Lexing.Tests\GParse.Lexing.Tests.csproj", "{B920536B-5A9B-4E0A-8369-24D0DA4CB95C}"
EndProject
Project("{9A19103F-16F7-4668-BE54-9A1E7A4F7556}") = "GParse.Parsing", "GParse.Parsing\GParse.Parsing.csproj", "{3C51CD21-183F-4A31-9372-3849EC46885C}"
EndProject
Project("{9A19103F-16F7-4668-BE54-9A1E7A4F7556}") = "GParse.Common", "GParse.Common\GParse.Common.csproj", "{D0E88882-049C-4558-A0D7-D9A9C050E8F1}"
EndProject
Project("{9A19103F-16F7-4668-BE54-9A1E7A4F7556}") = "GParse.Verbose", "GParse.Verbose\GParse.Verbose.csproj", "{86F8496E-8702-40B5-9C67-A8DD4C104EF6}"
EndProject
Project("{9A19103F-16F7-4668-BE54-9A1E7A4F7556}") = "RProc", "RProc\RProc.csproj", "{9EA07C59-2843-4D57-83BE-69D935651B4C}"
EndProject
Global
	GlobalSection(SolutionConfigurationPlatforms) = preSolution
		Debug|Any CPU = Debug|Any CPU
		Release|Any CPU = Release|Any CPU
	EndGlobalSection
	GlobalSection(ProjectConfigurationPlatforms) = postSolution
		{7070833E-8F2C-48BF-B1D5-4A64500E9404}.Debug|Any CPU.ActiveCfg = Debug|Any CPU
		{7070833E-8F2C-48BF-B1D5-4A64500E9404}.Debug|Any CPU.Build.0 = Debug|Any CPU
		{7070833E-8F2C-48BF-B1D5-4A64500E9404}.Release|Any CPU.ActiveCfg = Release|Any CPU
		{7070833E-8F2C-48BF-B1D5-4A64500E9404}.Release|Any CPU.Build.0 = Release|Any CPU
		{B920536B-5A9B-4E0A-8369-24D0DA4CB95C}.Debug|Any CPU.ActiveCfg = Debug|Any CPU
		{B920536B-5A9B-4E0A-8369-24D0DA4CB95C}.Debug|Any CPU.Build.0 = Debug|Any CPU
		{B920536B-5A9B-4E0A-8369-24D0DA4CB95C}.Release|Any CPU.ActiveCfg = Release|Any CPU
		{B920536B-5A9B-4E0A-8369-24D0DA4CB95C}.Release|Any CPU.Build.0 = Release|Any CPU
		{3C51CD21-183F-4A31-9372-3849EC46885C}.Debug|Any CPU.ActiveCfg = Debug|Any CPU
		{3C51CD21-183F-4A31-9372-3849EC46885C}.Debug|Any CPU.Build.0 = Debug|Any CPU
		{3C51CD21-183F-4A31-9372-3849EC46885C}.Release|Any CPU.ActiveCfg = Release|Any CPU
		{3C51CD21-183F-4A31-9372-3849EC46885C}.Release|Any CPU.Build.0 = Release|Any CPU
		{D0E88882-049C-4558-A0D7-D9A9C050E8F1}.Debug|Any CPU.ActiveCfg = Debug|Any CPU
		{D0E88882-049C-4558-A0D7-D9A9C050E8F1}.Debug|Any CPU.Build.0 = Debug|Any CPU
		{D0E88882-049C-4558-A0D7-D9A9C050E8F1}.Release|Any CPU.ActiveCfg = Release|Any CPU
		{D0E88882-049C-4558-A0D7-D9A9C050E8F1}.Release|Any CPU.Build.0 = Release|Any CPU
		{86F8496E-8702-40B5-9C67-A8DD4C104EF6}.Debug|Any CPU.ActiveCfg = Debug|Any CPU
		{86F8496E-8702-40B5-9C67-A8DD4C104EF6}.Debug|Any CPU.Build.0 = Debug|Any CPU
		{86F8496E-8702-40B5-9C67-A8DD4C104EF6}.Release|Any CPU.ActiveCfg = Release|Any CPU
		{86F8496E-8702-40B5-9C67-A8DD4C104EF6}.Release|Any CPU.Build.0 = Release|Any CPU
		{9EA07C59-2843-4D57-83BE-69D935651B4C}.Debug|Any CPU.ActiveCfg = Debug|Any CPU
		{9EA07C59-2843-4D57-83BE-69D935651B4C}.Debug|Any CPU.Build.0 = Debug|Any CPU
		{9EA07C59-2843-4D57-83BE-69D935651B4C}.Release|Any CPU.ActiveCfg = Release|Any CPU
		{9EA07C59-2843-4D57-83BE-69D935651B4C}.Release|Any CPU.Build.0 = Release|Any CPU
	EndGlobalSection
	GlobalSection(SolutionProperties) = preSolution
		HideSolutionNode = FALSE
	EndGlobalSection
	GlobalSection(ExtensibilityGlobals) = postSolution
		SolutionGuid = {9367AB81-F9E2-4379-8FFF-A716EEB4F9F8}
	EndGlobalSection
EndGlobal
